
Microsoft Visual Studio Solution File, Format Version 12.00
# Visual Studio Version 16
VisualStudioVersion = 16.0.34301.259
MinimumVisualStudioVersion = 10.0.40219.1
Project("{9A19103F-16F7-4668-BE54-9A1E7A4F7556}") = "FundamentosdoCSharp", "FundamentosdoCSharp\FundamentosdoCSharp.csproj", "{19017901-D919-498B-A625-BB69BC807E3B}"
EndProject
Global
	GlobalSection(SolutionConfigurationPlatforms) = preSolution
		Debug|Any CPU = Debug|Any CPU
		Release|Any CPU = Release|Any CPU
	EndGlobalSection
	GlobalSection(ProjectConfigurationPlatforms) = postSolution
		{19017901-D919-498B-A625-BB69BC807E3B}.Debug|Any CPU.ActiveCfg = Debug|Any CPU
		{19017901-D919-498B-A625-BB69BC807E3B}.Debug|Any CPU.Build.0 = Debug|Any CPU
		{19017901-D919-498B-A625-BB69BC807E3B}.Release|Any CPU.ActiveCfg = Release|Any CPU
		{19017901-D919-498B-A625-BB69BC807E3B}.Release|Any CPU.Build.0 = Release|Any CPU
	EndGlobalSection
	GlobalSection(SolutionProperties) = preSolution
		HideSolutionNode = FALSE
	EndGlobalSection
	GlobalSection(ExtensibilityGlobals) = postSolution
		SolutionGuid = {8AEDDB30-0C35-4143-9BEB-931651279CD5}
	EndGlobalSection
EndGlobal
