
Microsoft Visual Studio Solution File, Format Version 12.00
# Visual Studio Version 17
VisualStudioVersion = 17.0.31903.59
MinimumVisualStudioVersion = 10.0.40219.1
Project("{9A19103F-16F7-4668-BE54-9A1E7A4F7556}") = "UtmBuilder.Core", "UtmBuilder.Core\UtmBuilder.Core.csproj", "{25660FE0-3759-499D-ABB9-D8894745E953}"
EndProject
Project("{FAE04EC0-301F-11D3-BF4B-00C04F79EFBC}") = "UtmBuilder.Core.Tests", "UtmBuilder.Core.Tests\UtmBuilder.Core.Tests.csproj", "{D342823A-D871-4C1D-BAFF-D685D3C92921}"
EndProject
Global
	GlobalSection(SolutionConfigurationPlatforms) = preSolution
		Debug|Any CPU = Debug|Any CPU
		Release|Any CPU = Release|Any CPU
	EndGlobalSection
	GlobalSection(ProjectConfigurationPlatforms) = postSolution
		{25660FE0-3759-499D-ABB9-D8894745E953}.Debug|Any CPU.ActiveCfg = Debug|Any CPU
		{25660FE0-3759-499D-ABB9-D8894745E953}.Debug|Any CPU.Build.0 = Debug|Any CPU
		{25660FE0-3759-499D-ABB9-D8894745E953}.Release|Any CPU.ActiveCfg = Release|Any CPU
		{25660FE0-3759-499D-ABB9-D8894745E953}.Release|Any CPU.Build.0 = Release|Any CPU
		{D342823A-D871-4C1D-BAFF-D685D3C92921}.Debug|Any CPU.ActiveCfg = Debug|Any CPU
		{D342823A-D871-4C1D-BAFF-D685D3C92921}.Debug|Any CPU.Build.0 = Debug|Any CPU
		{D342823A-D871-4C1D-BAFF-D685D3C92921}.Release|Any CPU.ActiveCfg = Release|Any CPU
		{D342823A-D871-4C1D-BAFF-D685D3C92921}.Release|Any CPU.Build.0 = Release|Any CPU
	EndGlobalSection
	GlobalSection(SolutionProperties) = preSolution
		HideSolutionNode = FALSE
	EndGlobalSection
	GlobalSection(ExtensibilityGlobals) = postSolution
		SolutionGuid = {2251E5FC-C696-433F-B075-3E393C592C4A}
	EndGlobalSection
EndGlobal
